anhgelus.world/goat-site v0.2.1 h1:E93poOI6G5mR3BxfRGza2vo9iMogxnB/+9s6TRDZce8=
anhgelus.world/goat-site v0.2.1/go.mod h1:zonpD1jjiakYP2uPD6NjQmpPULXArA4z8p2J4w/XYOk=
anhgelus.world/goat-site v0.2.2 h1:Fpk83is+IkBJGqbJ7kpxiZhzAOEqAJHPRlOop/e+WZ4=
anhgelus.world/goat-site v0.2.2/go.mod h1:aGIO8Eft56m++r1c+uJv8fxxFRT6Rr9PSJopsATSy/8=
anhgelus.world/ljus v0.2.1 h1:qHNQrrPXbelaJKJJzti4e3cKLo+Sx1TOjgmWn8oMu4I=
anhgelus.world/ljus v0.2.1/go.mod h1:q9MOlvI49rGReUPC9AYznAs/c1zTB5BM9bHpPqy6C+s=
anhgelus.world/xrpc v0.6.3 h1:xP3gZi36Kk1XlXuxZkSIhj6XVs2KXIV9h3nt3NllJxY=
anhgelus.world/xrpc v0.6.3/go.mod h1:WAVSGXd0UI2CYK+tRUQ1+fbeb6ULBy5gqFpowfzUizY=
anhgelus.world/xrpc v0.6.4-0.20260626113020-8d3076f2aa92 h1:9c/PGxqy2t4ou0wwpwuBg1MiIo6xash5fyvASvftShA=
anhgelus.world/xrpc v0.6.4-0.20260626113020-8d3076f2aa92/go.mod h1:WAVSGXd0UI2CYK+tRUQ1+fbeb6ULBy5gqFpowfzUizY=
anhgelus.world/xrpc v0.6.4-0.20260627105836-17a8dd1786cb h1:4dkMdMACbuv/EXC4OLPKlnOPn4ElpVhj8lmg0gx/I9s=
anhgelus.world/xrpc v0.6.4-0.20260627105836-17a8dd1786cb/go.mod h1:WAVSGXd0UI2CYK+tRUQ1+fbeb6ULBy5gqFpowfzUizY=
github.com/mattn/go-sqlite3 v1.14.33 h1:A5blZ5ulQo2AtayQ9/limgHEkFreKj1Dv226a1K73s0=
github.com/mattn/go-sqlite3 v1.14.33/go.mod h1:Uh1q+B4BYcTPb+yiD3kU8Ct7aC0hY9fxUwlHK0RXw+Y=
github.com/pelletier/go-toml/v2 v2.2.4 h1:mye9XuhQ6gvn5h28+VilKrrPoQVanw5PMw/TB0t5Ec4=
github.com/pelletier/go-toml/v2 v2.2.4/go.mod h1:2gIqNv+qfxSVS7cM2xJQKtLSTLUE9V8t9Stt+h56mCY=
golang.org/x/net v0.56.0 h1:Rw8j/hFzGvJUZwNBXnAtf5sVDVt+65SK2C7IxCxZt5o=
golang.org/x/net v0.56.0/go.mod h1:D3Ku6r+V6JROoZK144D2XfMHFcMq/0zSfLelVTCFKec=
pgregory.net/rapid v1.2.0 h1:keKAYRcjm+e1F0oAuU5F5+YPAWcyxNNRK2wud503Gnk=
pgregory.net/rapid v1.2.0/go.mod h1:PY5XlDGj0+V1FCq0o192FdRhpKHGTRIWBgqjDBTrq04=
