anhgelus.world/ljus v0.2.0 h1:3F1hz8WpLP5Ggj2HqsaLzUPYr2aNhF0ZY3za/imxljs=
anhgelus.world/ljus v0.2.0/go.mod h1:q9MOlvI49rGReUPC9AYznAs/c1zTB5BM9bHpPqy6C+s=
github.com/mattn/go-sqlite3 v1.14.33 h1:A5blZ5ulQo2AtayQ9/limgHEkFreKj1Dv226a1K73s0=
github.com/mattn/go-sqlite3 v1.14.33/go.mod h1:Uh1q+B4BYcTPb+yiD3kU8Ct7aC0hY9fxUwlHK0RXw+Y=
github.com/pelletier/go-toml/v2 v2.2.4 h1:mye9XuhQ6gvn5h28+VilKrrPoQVanw5PMw/TB0t5Ec4=
github.com/pelletier/go-toml/v2 v2.2.4/go.mod h1:2gIqNv+qfxSVS7cM2xJQKtLSTLUE9V8t9Stt+h56mCY=
